// !$*UTF8*$!
{
	archiveVersion = 1;
	classes = {
	};
	objectVersion = 77;
	objects = {

/* Begin PBXBuildFile section */
		55072E332D3A869200CB8107 /* AppDelegate.swift in Sources */ = {isa = PBXBuildFile; fileRef = 55072E292D3A869200CB8107 /* AppDelegate.swift */; };
		55072E342D3A869200CB8107 /* SceneDelegate.swift in Sources */ = {isa = PBXBuildFile; fileRef = 55072E302D3A869200CB8107 /* SceneDelegate.swift */; };
		55072E352D3A869200CB8107 /* PhotoSearchViewController.swift in Sources */ = {isa = PBXBuildFile; fileRef = 55072E312D3A869200CB8107 /* PhotoSearchViewController.swift */; };
		55072E362D3A869200CB8107 /* Assets.xcassets in Resources */ = {isa = PBXBuildFile; fileRef = 55072E2A2D3A869200CB8107 /* Assets.xcassets */; };
		55072E382D3A869200CB8107 /* LaunchScreen.storyboard in Resources */ = {isa = PBXBuildFile; fileRef = 55072E2D2D3A869200CB8107 /* LaunchScreen.storyboard */; };
		55072E392D3A869200CB8107 /* Main.storyboard in Resources */ = {isa = PBXBuildFile; fileRef = 55072E2F2D3A869200CB8107 /* Main.storyboard */; };
		55072E3E2D3A87B600CB8107 /* Alamofire in Frameworks */ = {isa = PBXBuildFile; productRef = 55072E3D2D3A87B600CB8107 /* Alamofire */; };
		55072E412D3A87CC00CB8107 /* SnapKit in Frameworks */ = {isa = PBXBuildFile; productRef = 55072E402D3A87CC00CB8107 /* SnapKit */; };
		55072E442D3A87DD00CB8107 /* Kingfisher in Frameworks */ = {isa = PBXBuildFile; productRef = 55072E432D3A87DD00CB8107 /* Kingfisher */; };
		55072E7F2D3A88E700CB8107 /* PhotoSearchView.swift in Sources */ = {isa = PBXBuildFile; fileRef = 55072E7E2D3A88E700CB8107 /* PhotoSearchView.swift */; };
		55072E812D3A898B00CB8107 /* BaseView.swift in Sources */ = {isa = PBXBuildFile; fileRef = 55072E802D3A898B00CB8107 /* BaseView.swift */; };
		55072E832D3BE75E00CB8107 /* PhotoCollectionViewCell.swift in Sources */ = {isa = PBXBuildFile; fileRef = 55072E822D3BE75E00CB8107 /* PhotoCollectionViewCell.swift */; };
		55072E852D3BEAAC00CB8107 /* NetworkManager.swift in Sources */ = {isa = PBXBuildFile; fileRef = 55072E842D3BEAAC00CB8107 /* NetworkManager.swift */; };
		557248292D3CC458006C19CF /* TabBarViewController.swift in Sources */ = {isa = PBXBuildFile; fileRef = 557248282D3CC458006C19CF /* TabBarViewController.swift */; };
		5572482B2D3CC668006C19CF /* TrendingPhotosByTopicViewController.swift in Sources */ = {isa = PBXBuildFile; fileRef = 5572482A2D3CC668006C19CF /* TrendingPhotosByTopicViewController.swift */; };
		5572482E2D3CCB17006C19CF /* PhotoSearchResponse.swift in Sources */ = {isa = PBXBuildFile; fileRef = 5572482D2D3CCB17006C19CF /* PhotoSearchResponse.swift */; };
		557248302D3CDAC9006C19CF /* NetworkSecret.xcconfig in Resources */ = {isa = PBXBuildFile; fileRef = 5572482F2D3CDAC9006C19CF /* NetworkSecret.xcconfig */; };
		557248332D3CDC62006C19CF /* APIKey.swift in Sources */ = {isa = PBXBuildFile; fileRef = 557248322D3CDC62006C19CF /* APIKey.swift */; };
		557248352D3CE6B3006C19CF /* ColorCollectionViewCell.swift in Sources */ = {isa = PBXBuildFile; fileRef = 557248342D3CE6B3006C19CF /* ColorCollectionViewCell.swift */; };
		557248372D3CE6DF006C19CF /* BaseCollectionViewCell.swift in Sources */ = {isa = PBXBuildFile; fileRef = 557248362D3CE6DF006C19CF /* BaseCollectionViewCell.swift */; };
		5572483A2D3D0241006C19CF /* PhotoDetailsView.swift in Sources */ = {isa = PBXBuildFile; fileRef = 557248392D3D0241006C19CF /* PhotoDetailsView.swift */; };
		5572483F2D3D0390006C19CF /* PhotoDetailsViewController.swift in Sources */ = {isa = PBXBuildFile; fileRef = 5572483E2D3D0390006C19CF /* PhotoDetailsViewController.swift */; };
		5572487D2D3D34C8006C19CF /* SortButton.swift in Sources */ = {isa = PBXBuildFile; fileRef = 5572487C2D3D34C8006C19CF /* SortButton.swift */; };
		55E4B2C12D3D69F80033993E /* TrendingPhotosByTopicView.swift in Sources */ = {isa = PBXBuildFile; fileRef = 55E4B2C02D3D69F80033993E /* TrendingPhotosByTopicView.swift */; };
		55E4B3332D3DCD4E0033993E /* DateFormatter.swift in Sources */ = {isa = PBXBuildFile; fileRef = 55E4B3322D3DCD4E0033993E /* DateFormatter.swift */; };
		55E4B35E2D3E272B0033993E /* PhotoStatisticsResponse.swift in Sources */ = {isa = PBXBuildFile; fileRef = 55E4B35D2D3E272B0033993E /* PhotoStatisticsResponse.swift */; };
/* End PBXBuildFile section */

/* Begin PBXFileReference section */
		55072E112D3A864B00CB8107 /* PhotoProject.app */ = {isa = PBXFileReference; explicitFileType = wrapper.application; includeInIndex = 0; path = PhotoProject.app; sourceTree = BUILT_PRODUCTS_DIR; };
		55072E292D3A869200CB8107 /* AppDelegate.swift */ = {isa = PBXFileReference; lastKnownFileType = sourcecode.swift; path = AppDelegate.swift; sourceTree = "<group>"; };
		55072E2A2D3A869200CB8107 /* Assets.xcassets */ = {isa = PBXFileReference; lastKnownFileType = folder.assetcatalog; path = Assets.xcassets; sourceTree = "<group>"; };
		55072E2B2D3A869200CB8107 /* Info.plist */ = {isa = PBXFileReference; lastKnownFileType = text.plist.xml; path = Info.plist; sourceTree = "<group>"; };
		55072E2C2D3A869200CB8107 /* Base */ = {isa = PBXFileReference; lastKnownFileType = file.storyboard; name = Base; path = Base.lproj/LaunchScreen.storyboard; sourceTree = "<group>"; };
		55072E2E2D3A869200CB8107 /* Base */ = {isa = PBXFileReference; lastKnownFileType = file.storyboard; name = Base; path = Base.lproj/Main.storyboard; sourceTree = "<group>"; };
		55072E302D3A869200CB8107 /* SceneDelegate.swift */ = {isa = PBXFileReference; lastKnownFileType = sourcecode.swift; path = SceneDelegate.swift; sourceTree = "<group>"; };
		55072E312D3A869200CB8107 /* PhotoSearchViewController.swift */ = {isa = PBXFileReference; lastKnownFileType = sourcecode.swift; path = PhotoSearchViewController.swift; sourceTree = "<group>"; };
		55072E7E2D3A88E700CB8107 /* PhotoSearchView.swift */ = {isa = PBXFileReference; lastKnownFileType = sourcecode.swift; path = PhotoSearchView.swift; sourceTree = "<group>"; };
		55072E802D3A898B00CB8107 /* BaseView.swift */ = {isa = PBXFileReference; lastKnownFileType = sourcecode.swift; path = BaseView.swift; sourceTree = "<group>"; };
		55072E822D3BE75E00CB8107 /* PhotoCollectionViewCell.swift */ = {isa = PBXFileReference; lastKnownFileType = sourcecode.swift; path = PhotoCollectionViewCell.swift; sourceTree = "<group>"; };
		55072E842D3BEAAC00CB8107 /* NetworkManager.swift */ = {isa = PBXFileReference; lastKnownFileType = sourcecode.swift; path = NetworkManager.swift; sourceTree = "<group>"; };
		557248282D3CC458006C19CF /* TabBarViewController.swift */ = {isa = PBXFileReference; lastKnownFileType = sourcecode.swift; path = TabBarViewController.swift; sourceTree = "<group>"; };
		5572482A2D3CC668006C19CF /* TrendingPhotosByTopicViewController.swift */ = {isa = PBXFileReference; lastKnownFileType = sourcecode.swift; path = TrendingPhotosByTopicViewController.swift; sourceTree = "<group>"; };
		5572482D2D3CCB17006C19CF /* PhotoSearchResponse.swift */ = {isa = PBXFileReference; lastKnownFileType = sourcecode.swift; path = PhotoSearchResponse.swift; sourceTree = "<group>"; };
		5572482F2D3CDAC9006C19CF /* NetworkSecret.xcconfig */ = {isa = PBXFileReference; lastKnownFileType = text.xcconfig; path = NetworkSecret.xcconfig; sourceTree = "<group>"; };
		557248322D3CDC62006C19CF /* APIKey.swift */ = {isa = PBXFileReference; lastKnownFileType = sourcecode.swift; path = APIKey.swift; sourceTree = "<group>"; };
		557248342D3CE6B3006C19CF /* ColorCollectionViewCell.swift */ = {isa = PBXFileReference; lastKnownFileType = sourcecode.swift; path = ColorCollectionViewCell.swift; sourceTree = "<group>"; };
		557248362D3CE6DF006C19CF /* BaseCollectionViewCell.swift */ = {isa = PBXFileReference; lastKnownFileType = sourcecode.swift; path = BaseCollectionViewCell.swift; sourceTree = "<group>"; };
		557248392D3D0241006C19CF /* PhotoDetailsView.swift */ = {isa = PBXFileReference; lastKnownFileType = sourcecode.swift; path = PhotoDetailsView.swift; sourceTree = "<group>"; };
		5572483E2D3D0390006C19CF /* PhotoDetailsViewController.swift */ = {isa = PBXFileReference; lastKnownFileType = sourcecode.swift; path = PhotoDetailsViewController.swift; sourceTree = "<group>"; };
		5572487C2D3D34C8006C19CF /* SortButton.swift */ = {isa = PBXFileReference; lastKnownFileType = sourcecode.swift; path = SortButton.swift; sourceTree = "<group>"; };
		55E4B2C02D3D69F80033993E /* TrendingPhotosByTopicView.swift */ = {isa = PBXFileReference; lastKnownFileType = sourcecode.swift; path = TrendingPhotosByTopicView.swift; sourceTree = "<group>"; };
		55E4B3322D3DCD4E0033993E /* DateFormatter.swift */ = {isa = PBXFileReference; lastKnownFileType = sourcecode.swift; path = DateFormatter.swift; sourceTree = "<group>"; };
		55E4B35D2D3E272B0033993E /* PhotoStatisticsResponse.swift */ = {isa = PBXFileReference; lastKnownFileType = sourcecode.swift; path = PhotoStatisticsResponse.swift; sourceTree = "<group>"; };
/* End PBXFileReference section */

/* Begin PBXFrameworksBuildPhase section */
		55072E0E2D3A864B00CB8107 /* Frameworks */ = {
			isa = PBXFrameworksBuildPhase;
			buildActionMask = 2147483647;
			files = (
				55072E442D3A87DD00CB8107 /* Kingfisher in Frameworks */,
				55072E3E2D3A87B600CB8107 /* Alamofire in Frameworks */,
				55072E412D3A87CC00CB8107 /* SnapKit in Frameworks */,
			);
			runOnlyForDeploymentPostprocessing = 0;
		};
/* End PBXFrameworksBuildPhase section */

/* Begin PBXGroup section */
		55072E082D3A864B00CB8107 = {
			isa = PBXGroup;
			children = (
				55072E322D3A869200CB8107 /* PhotoProject */,
				55072E122D3A864B00CB8107 /* Products */,
			);
			sourceTree = "<group>";
		};
		55072E122D3A864B00CB8107 /* Products */ = {
			isa = PBXGroup;
			children = (
				55072E112D3A864B00CB8107 /* PhotoProject.app */,
			);
			name = Products;
			sourceTree = "<group>";
		};
		55072E322D3A869200CB8107 /* PhotoProject */ = {
			isa = PBXGroup;
			children = (
				55072E3A2D3A86AF00CB8107 /* App */,
				5572482C2D3CCB01006C19CF /* Model */,
				55072E7A2D3A887200CB8107 /* View */,
				55072E3B2D3A870700CB8107 /* ViewController */,
				557248272D3CC2F8006C19CF /* Network */,
				557248312D3CDAD1006C19CF /* Config */,
				55E4B3322D3DCD4E0033993E /* DateFormatter.swift */,
			);
			path = PhotoProject;
			sourceTree = "<group>";
		};
		55072E3A2D3A86AF00CB8107 /* App */ = {
			isa = PBXGroup;
			children = (
				55072E292D3A869200CB8107 /* AppDelegate.swift */,
				55072E302D3A869200CB8107 /* SceneDelegate.swift */,
				55072E2A2D3A869200CB8107 /* Assets.xcassets */,
				55072E2B2D3A869200CB8107 /* Info.plist */,
				55072E2D2D3A869200CB8107 /* LaunchScreen.storyboard */,
				55072E2F2D3A869200CB8107 /* Main.storyboard */,
			);
			path = App;
			sourceTree = "<group>";
		};
		55072E3B2D3A870700CB8107 /* ViewController */ = {
			isa = PBXGroup;
			children = (
				557248282D3CC458006C19CF /* TabBarViewController.swift */,
				55072E312D3A869200CB8107 /* PhotoSearchViewController.swift */,
				5572482A2D3CC668006C19CF /* TrendingPhotosByTopicViewController.swift */,
				5572483E2D3D0390006C19CF /* PhotoDetailsViewController.swift */,
			);
			path = ViewController;
			sourceTree = "<group>";
		};
		55072E7A2D3A887200CB8107 /* View */ = {
			isa = PBXGroup;
			children = (
				5572487B2D3D34AE006C19CF /* Custom */,
				557248382D3CF4B4006C19CF /* BaseView */,
				5572483B2D3D0247006C19CF /* CollectionViewCell */,
				55072E7E2D3A88E700CB8107 /* PhotoSearchView.swift */,
				55E4B2C02D3D69F80033993E /* TrendingPhotosByTopicView.swift */,
				557248392D3D0241006C19CF /* PhotoDetailsView.swift */,
			);
			path = View;
			sourceTree = "<group>";
		};
		557248272D3CC2F8006C19CF /* Network */ = {
			isa = PBXGroup;
			children = (
				55072E842D3BEAAC00CB8107 /* NetworkManager.swift */,
			);
			path = Network;
			sourceTree = "<group>";
		};
		5572482C2D3CCB01006C19CF /* Model */ = {
			isa = PBXGroup;
			children = (
				5572482D2D3CCB17006C19CF /* PhotoSearchResponse.swift */,
				55E4B35D2D3E272B0033993E /* PhotoStatisticsResponse.swift */,
			);
			path = Model;
			sourceTree = "<group>";
		};
		557248312D3CDAD1006C19CF /* Config */ = {
			isa = PBXGroup;
			children = (
				5572482F2D3CDAC9006C19CF /* NetworkSecret.xcconfig */,
				557248322D3CDC62006C19CF /* APIKey.swift */,
			);
			path = Config;
			sourceTree = "<group>";
		};
		557248382D3CF4B4006C19CF /* BaseView */ = {
			isa = PBXGroup;
			children = (
				55072E802D3A898B00CB8107 /* BaseView.swift */,
				557248362D3CE6DF006C19CF /* BaseCollectionViewCell.swift */,
			);
			path = BaseView;
			sourceTree = "<group>";
		};
		5572483B2D3D0247006C19CF /* CollectionViewCell */ = {
			isa = PBXGroup;
			children = (
				55072E822D3BE75E00CB8107 /* PhotoCollectionViewCell.swift */,
				557248342D3CE6B3006C19CF /* ColorCollectionViewCell.swift */,
			);
			path = CollectionViewCell;
			sourceTree = "<group>";
		};
		5572487B2D3D34AE006C19CF /* Custom */ = {
			isa = PBXGroup;
			children = (
				5572487C2D3D34C8006C19CF /* SortButton.swift */,
			);
			path = Custom;
			sourceTree = "<group>";
		};
/* End PBXGroup section */

/* Begin PBXNativeTarget section */
		55072E102D3A864B00CB8107 /* PhotoProject */ = {
			isa = PBXNativeTarget;
			buildConfigurationList = 55072E242D3A864D00CB8107 /* Build configuration list for PBXNativeTarget "PhotoProject" */;
			buildPhases = (
				55072E0D2D3A864B00CB8107 /* Sources */,
				55072E0E2D3A864B00CB8107 /* Frameworks */,
				55072E0F2D3A864B00CB8107 /* Resources */,
			);
			buildRules = (
			);
			dependencies = (
			);
			name = PhotoProject;
			packageProductDependencies = (
				55072E3D2D3A87B600CB8107 /* Alamofire */,
				55072E402D3A87CC00CB8107 /* SnapKit */,
				55072E432D3A87DD00CB8107 /* Kingfisher */,
			);
			productName = PhotoProject;
			productReference = 55072E112D3A864B00CB8107 /* PhotoProject.app */;
			productType = "com.apple.product-type.application";
		};
/* End PBXNativeTarget section */

/* Begin PBXProject section */
		55072E092D3A864B00CB8107 /* Project object */ = {
			isa = PBXProject;
			attributes = {
				BuildIndependentTargetsInParallel = 1;
				LastSwiftUpdateCheck = 1620;
				LastUpgradeCheck = 1620;
				TargetAttributes = {
					55072E102D3A864B00CB8107 = {
						CreatedOnToolsVersion = 16.2;
					};
				};
			};
			buildConfigurationList = 55072E0C2D3A864B00CB8107 /* Build configuration list for PBXProject "PhotoProject" */;
			developmentRegion = en;
			hasScannedForEncodings = 0;
			knownRegions = (
				en,
				Base,
			);
			mainGroup = 55072E082D3A864B00CB8107;
			minimizedProjectReferenceProxies = 1;
			packageReferences = (
				55072E3C2D3A87B600CB8107 /* XCRemoteSwiftPackageReference "Alamofire" */,
				55072E3F2D3A87CC00CB8107 /* XCRemoteSwiftPackageReference "SnapKit" */,
				55072E422D3A87DD00CB8107 /* XCRemoteSwiftPackageReference "Kingfisher" */,
			);
			preferredProjectObjectVersion = 77;
			productRefGroup = 55072E122D3A864B00CB8107 /* Products */;
			projectDirPath = "";
			projectRoot = "";
			targets = (
				55072E102D3A864B00CB8107 /* PhotoProject */,
			);
		};
/* End PBXProject section */

/* Begin PBXResourcesBuildPhase section */
		55072E0F2D3A864B00CB8107 /* Resources */ = {
			isa = PBXResourcesBuildPhase;
			buildActionMask = 2147483647;
			files = (
				55072E362D3A869200CB8107 /* Assets.xcassets in Resources */,
				557248302D3CDAC9006C19CF /* NetworkSecret.xcconfig in Resources */,
				55072E382D3A869200CB8107 /* LaunchScreen.storyboard in Resources */,
				55072E392D3A869200CB8107 /* Main.storyboard in Resources */,
			);
			runOnlyForDeploymentPostprocessing = 0;
		};
/* End PBXResourcesBuildPhase section */

/* Begin PBXSourcesBuildPhase section */
		55072E0D2D3A864B00CB8107 /* Sources */ = {
			isa = PBXSourcesBuildPhase;
			buildActionMask = 2147483647;
			files = (
				55E4B3332D3DCD4E0033993E /* DateFormatter.swift in Sources */,
				557248292D3CC458006C19CF /* TabBarViewController.swift in Sources */,
				55072E332D3A869200CB8107 /* AppDelegate.swift in Sources */,
				55072E342D3A869200CB8107 /* SceneDelegate.swift in Sources */,
				55072E812D3A898B00CB8107 /* BaseView.swift in Sources */,
				5572482E2D3CCB17006C19CF /* PhotoSearchResponse.swift in Sources */,
				5572482B2D3CC668006C19CF /* TrendingPhotosByTopicViewController.swift in Sources */,
				5572483A2D3D0241006C19CF /* PhotoDetailsView.swift in Sources */,
				55E4B35E2D3E272B0033993E /* PhotoStatisticsResponse.swift in Sources */,
				557248352D3CE6B3006C19CF /* ColorCollectionViewCell.swift in Sources */,
				557248332D3CDC62006C19CF /* APIKey.swift in Sources */,
				55072E852D3BEAAC00CB8107 /* NetworkManager.swift in Sources */,
				55072E352D3A869200CB8107 /* PhotoSearchViewController.swift in Sources */,
				5572483F2D3D0390006C19CF /* PhotoDetailsViewController.swift in Sources */,
				55E4B2C12D3D69F80033993E /* TrendingPhotosByTopicView.swift in Sources */,
				55072E7F2D3A88E700CB8107 /* PhotoSearchView.swift in Sources */,
				557248372D3CE6DF006C19CF /* BaseCollectionViewCell.swift in Sources */,
				55072E832D3BE75E00CB8107 /* PhotoCollectionViewCell.swift in Sources */,
				5572487D2D3D34C8006C19CF /* SortButton.swift in Sources */,
			);
			runOnlyForDeploymentPostprocessing = 0;
		};
/* End PBXSourcesBuildPhase section */

/* Begin PBXVariantGroup section */
		55072E2D2D3A869200CB8107 /* LaunchScreen.storyboard */ = {
			isa = PBXVariantGroup;
			children = (
				55072E2C2D3A869200CB8107 /* Base */,
			);
			name = LaunchScreen.storyboard;
			sourceTree = "<group>";
		};
		55072E2F2D3A869200CB8107 /* Main.storyboard */ = {
			isa = PBXVariantGroup;
			children = (
				55072E2E2D3A869200CB8107 /* Base */,
			);
			name = Main.storyboard;
			sourceTree = "<group>";
		};
/* End PBXVariantGroup section */

/* Begin XCBuildConfiguration section */
		55072E252D3A864D00CB8107 /* Debug */ = {
			isa = XCBuildConfiguration;
			baseConfigurationReference = 5572482F2D3CDAC9006C19CF /* NetworkSecret.xcconfig */;
			buildSettings = {
				ASSETCATALOG_COMPILER_APPICON_NAME = AppIcon;
				ASSETCATALOG_COMPILER_GLOBAL_ACCENT_COLOR_NAME = AccentColor;
				CODE_SIGN_STYLE = Automatic;
				CURRENT_PROJECT_VERSION = 1;
				GENERATE_INFOPLIST_FILE = YES;
				INFOPLIST_FILE = PhotoProject/App/Info.plist;
				INFOPLIST_KEY_UIApplicationSupportsIndirectInputEvents = YES;
				INFOPLIST_KEY_UILaunchStoryboardName = LaunchScreen;
				INFOPLIST_KEY_UIMainStoryboardFile = Main;
				INFOPLIST_KEY_UISupportedInterfaceOrientations = UIInterfaceOrientationPortrait;
				INFOPLIST_KEY_UISupportedInterfaceOrientations_iPad = "UIInterfaceOrientationLandscapeLeft UIInterfaceOrientationLandscapeRight UIInterfaceOrientationPortrait UIInterfaceOrientationPortraitUpsideDown";
				IPHONEOS_DEPLOYMENT_TARGET = 18.0;
				LD_RUNPATH_SEARCH_PATHS = (
					"$(inherited)",
					"@executable_path/Frameworks",
				);
				MARKETING_VERSION = 1.0;
				PRODUCT_BUNDLE_IDENTIFIER = com.taylor.PhotoProject;
				PRODUCT_NAME = "$(TARGET_NAME)";
				SUPPORTED_PLATFORMS = "iphoneos iphonesimulator";
				SUPPORTS_MACCATALYST = NO;
				SUPPORTS_MAC_DESIGNED_FOR_IPHONE_IPAD = NO;
				SUPPORTS_XR_DESIGNED_FOR_IPHONE_IPAD = NO;
				SWIFT_EMIT_LOC_STRINGS = YES;
				SWIFT_VERSION = 5.0;
				TARGETED_DEVICE_FAMILY = 1;
			};
			name = Debug;
		};
		55072E262D3A864D00CB8107 /* Release */ = {
			isa = XCBuildConfiguration;
			baseConfigurationReference = 5572482F2D3CDAC9006C19CF /* NetworkSecret.xcconfig */;
			buildSettings = {
				ASSETCATALOG_COMPILER_APPICON_NAME = AppIcon;
				ASSETCATALOG_COMPILER_GLOBAL_ACCENT_COLOR_NAME = AccentColor;
				CODE_SIGN_STYLE = Automatic;
				CURRENT_PROJECT_VERSION = 1;
				GENERATE_INFOPLIST_FILE = YES;
				INFOPLIST_FILE = PhotoProject/App/Info.plist;
				INFOPLIST_KEY_UIApplicationSupportsIndirectInputEvents = YES;
				INFOPLIST_KEY_UILaunchStoryboardName = LaunchScreen;
				INFOPLIST_KEY_UIMainStoryboardFile = Main;
				INFOPLIST_KEY_UISupportedInterfaceOrientations = UIInterfaceOrientationPortrait;
				INFOPLIST_KEY_UISupportedInterfaceOrientations_iPad = "UIInterfaceOrientationLandscapeLeft UIInterfaceOrientationLandscapeRight UIInterfaceOrientationPortrait UIInterfaceOrientationPortraitUpsideDown";
				IPHONEOS_DEPLOYMENT_TARGET = 18.0;
				LD_RUNPATH_SEARCH_PATHS = (
					"$(inherited)",
					"@executable_path/Frameworks",
				);
				MARKETING_VERSION = 1.0;
				PRODUCT_BUNDLE_IDENTIFIER = com.taylor.PhotoProject;
				PRODUCT_NAME = "$(TARGET_NAME)";
				SUPPORTED_PLATFORMS = "iphoneos iphonesimulator";
				SUPPORTS_MACCATALYST = NO;
				SUPPORTS_MAC_DESIGNED_FOR_IPHONE_IPAD = NO;
				SUPPORTS_XR_DESIGNED_FOR_IPHONE_IPAD = NO;
				SWIFT_EMIT_LOC_STRINGS = YES;
				SWIFT_VERSION = 5.0;
				TARGETED_DEVICE_FAMILY = 1;
			};
			name = Release;
		};
		55072E272D3A864D00CB8107 /* Debug */ = {
			isa = XCBuildConfiguration;
			buildSettings = {
				ALWAYS_SEARCH_USER_PATHS = NO;
				ASSETCATALOG_COMPILER_GENERATE_SWIFT_ASSET_SYMBOL_EXTENSIONS = YES;
				CLANG_ANALYZER_NONNULL = YES;
				CLANG_ANALYZER_NUMBER_OBJECT_CONVERSION = YES_AGGRESSIVE;
				CLANG_CXX_LANGUAGE_STANDARD = "gnu++20";
				CLANG_ENABLE_MODULES = YES;
				CLANG_ENABLE_OBJC_ARC = YES;
				CLANG_ENABLE_OBJC_WEAK = YES;
				CLANG_WARN_BLOCK_CAPTURE_AUTORELEASING = YES;
				CLANG_WARN_BOOL_CONVERSION = YES;
				CLANG_WARN_COMMA = YES;
				CLANG_WARN_CONSTANT_CONVERSION = YES;
				CLANG_WARN_DEPRECATED_OBJC_IMPLEMENTATIONS = YES;
				CLANG_WARN_DIRECT_OBJC_ISA_USAGE = YES_ERROR;
				CLANG_WARN_DOCUMENTATION_COMMENTS = YES;
				CLANG_WARN_EMPTY_BODY = YES;
				CLANG_WARN_ENUM_CONVERSION = YES;
				CLANG_WARN_INFINITE_RECURSION = YES;
				CLANG_WARN_INT_CONVERSION = YES;
				CLANG_WARN_NON_LITERAL_NULL_CONVERSION = YES;
				CLANG_WARN_OBJC_IMPLICIT_RETAIN_SELF = YES;
				CLANG_WARN_OBJC_LITERAL_CONVERSION = YES;
				CLANG_WARN_OBJC_ROOT_CLASS = YES_ERROR;
				CLANG_WARN_QUOTED_INCLUDE_IN_FRAMEWORK_HEADER = YES;
				CLANG_WARN_RANGE_LOOP_ANALYSIS = YES;
				CLANG_WARN_STRICT_PROTOTYPES = YES;
				CLANG_WARN_SUSPICIOUS_MOVE = YES;
				CLANG_WARN_UNGUARDED_AVAILABILITY = YES_AGGRESSIVE;
				CLANG_WARN_UNREACHABLE_CODE = YES;
				CLANG_WARN__DUPLICATE_METHOD_MATCH = YES;
				COPY_PHASE_STRIP = NO;
				DEBUG_INFORMATION_FORMAT = dwarf;
				ENABLE_STRICT_OBJC_MSGSEND = YES;
				ENABLE_TESTABILITY = YES;
				ENABLE_USER_SCRIPT_SANDBOXING = YES;
				GCC_C_LANGUAGE_STANDARD = gnu17;
				GCC_DYNAMIC_NO_PIC = NO;
				GCC_NO_COMMON_BLOCKS = YES;
				GCC_OPTIMIZATION_LEVEL = 0;
				GCC_PREPROCESSOR_DEFINITIONS = (
					"DEBUG=1",
					"$(inherited)",
				);
				GCC_WARN_64_TO_32_BIT_CONVERSION = YES;
				GCC_WARN_ABOUT_RETURN_TYPE = YES_ERROR;
				GCC_WARN_UNDECLARED_SELECTOR = YES;
				GCC_WARN_UNINITIALIZED_AUTOS = YES_AGGRESSIVE;
				GCC_WARN_UNUSED_FUNCTION = YES;
				GCC_WARN_UNUSED_VARIABLE = YES;
				IPHONEOS_DEPLOYMENT_TARGET = 18.2;
				LOCALIZATION_PREFERS_STRING_CATALOGS = YES;
				MTL_ENABLE_DEBUG_INFO = INCLUDE_SOURCE;
				MTL_FAST_MATH = YES;
				ONLY_ACTIVE_ARCH = YES;
				SDKROOT = iphoneos;
				SWIFT_ACTIVE_COMPILATION_CONDITIONS = "DEBUG $(inherited)";
				SWIFT_OPTIMIZATION_LEVEL = "-Onone";
			};
			name = Debug;
		};
		55072E282D3A864D00CB8107 /* Release */ = {
			isa = XCBuildConfiguration;
			buildSettings = {
				ALWAYS_SEARCH_USER_PATHS = NO;
				ASSETCATALOG_COMPILER_GENERATE_SWIFT_ASSET_SYMBOL_EXTENSIONS = YES;
				CLANG_ANALYZER_NONNULL = YES;
				CLANG_ANALYZER_NUMBER_OBJECT_CONVERSION = YES_AGGRESSIVE;
				CLANG_CXX_LANGUAGE_STANDARD = "gnu++20";
				CLANG_ENABLE_MODULES = YES;
				CLANG_ENABLE_OBJC_ARC = YES;
				CLANG_ENABLE_OBJC_WEAK = YES;
				CLANG_WARN_BLOCK_CAPTURE_AUTORELEASING = YES;
				CLANG_WARN_BOOL_CONVERSION = YES;
				CLANG_WARN_COMMA = YES;
				CLANG_WARN_CONSTANT_CONVERSION = YES;
				CLANG_WARN_DEPRECATED_OBJC_IMPLEMENTATIONS = YES;
				CLANG_WARN_DIRECT_OBJC_ISA_USAGE = YES_ERROR;
				CLANG_WARN_DOCUMENTATION_COMMENTS = YES;
				CLANG_WARN_EMPTY_BODY = YES;
				CLANG_WARN_ENUM_CONVERSION = YES;
				CLANG_WARN_INFINITE_RECURSION = YES;
				CLANG_WARN_INT_CONVERSION = YES;
				CLANG_WARN_NON_LITERAL_NULL_CONVERSION = YES;
				CLANG_WARN_OBJC_IMPLICIT_RETAIN_SELF = YES;
				CLANG_WARN_OBJC_LITERAL_CONVERSION = YES;
				CLANG_WARN_OBJC_ROOT_CLASS = YES_ERROR;
				CLANG_WARN_QUOTED_INCLUDE_IN_FRAMEWORK_HEADER = YES;
				CLANG_WARN_RANGE_LOOP_ANALYSIS = YES;
				CLANG_WARN_STRICT_PROTOTYPES = YES;
				CLANG_WARN_SUSPICIOUS_MOVE = YES;
				CLANG_WARN_UNGUARDED_AVAILABILITY = YES_AGGRESSIVE;
				CLANG_WARN_UNREACHABLE_CODE = YES;
				CLANG_WARN__DUPLICATE_METHOD_MATCH = YES;
				COPY_PHASE_STRIP = NO;
				DEBUG_INFORMATION_FORMAT = "dwarf-with-dsym";
				ENABLE_NS_ASSERTIONS = NO;
				ENABLE_STRICT_OBJC_MSGSEND = YES;
				ENABLE_USER_SCRIPT_SANDBOXING = YES;
				GCC_C_LANGUAGE_STANDARD = gnu17;
				GCC_NO_COMMON_BLOCKS = YES;
				GCC_WARN_64_TO_32_BIT_CONVERSION = YES;
				GCC_WARN_ABOUT_RETURN_TYPE = YES_ERROR;
				GCC_WARN_UNDECLARED_SELECTOR = YES;
				GCC_WARN_UNINITIALIZED_AUTOS = YES_AGGRESSIVE;
				GCC_WARN_UNUSED_FUNCTION = YES;
				GCC_WARN_UNUSED_VARIABLE = YES;
				IPHONEOS_DEPLOYMENT_TARGET = 18.2;
				LOCALIZATION_PREFERS_STRING_CATALOGS = YES;
				MTL_ENABLE_DEBUG_INFO = NO;
				MTL_FAST_MATH = YES;
				SDKROOT = iphoneos;
				SWIFT_COMPILATION_MODE = wholemodule;
				VALIDATE_PRODUCT = YES;
			};
			name = Release;
		};
/* End XCBuildConfiguration section */

/* Begin XCConfigurationList section */
		55072E0C2D3A864B00CB8107 /* Build configuration list for PBXProject "PhotoProject" */ = {
			isa = XCConfigurationList;
			buildConfigurations = (
				55072E272D3A864D00CB8107 /* Debug */,
				55072E282D3A864D00CB8107 /* Release */,
			);
			defaultConfigurationIsVisible = 0;
			defaultConfigurationName = Release;
		};
		55072E242D3A864D00CB8107 /* Build configuration list for PBXNativeTarget "PhotoProject" */ = {
			isa = XCConfigurationList;
			buildConfigurations = (
				55072E252D3A864D00CB8107 /* Debug */,
				55072E262D3A864D00CB8107 /* Release */,
			);
			defaultConfigurationIsVisible = 0;
			defaultConfigurationName = Release;
		};
/* End XCConfigurationList section */

/* Begin XCRemoteSwiftPackageReference section */
		55072E3C2D3A87B600CB8107 /* XCRemoteSwiftPackageReference "Alamofire" */ = {
			isa = XCRemoteSwiftPackageReference;
			repositoryURL = "https://github.com/Alamofire/Alamofire";
			requirement = {
				kind = upToNextMajorVersion;
				minimumVersion = 5.10.2;
			};
		};
		55072E3F2D3A87CC00CB8107 /* XCRemoteSwiftPackageReference "SnapKit" */ = {
			isa = XCRemoteSwiftPackageReference;
			repositoryURL = "https://github.com/SnapKit/SnapKit.git";
			requirement = {
				kind = upToNextMajorVersion;
				minimumVersion = 5.7.1;
			};
		};
		55072E422D3A87DD00CB8107 /* XCRemoteSwiftPackageReference "Kingfisher" */ = {
			isa = XCRemoteSwiftPackageReference;
			repositoryURL = "https://github.com/onevcat/Kingfisher";
			requirement = {
				kind = upToNextMajorVersion;
				minimumVersion = 8.1.3;
			};
		};
/* End XCRemoteSwiftPackageReference section */

/* Begin XCSwiftPackageProductDependency section */
		55072E3D2D3A87B600CB8107 /* Alamofire */ = {
			isa = XCSwiftPackageProductDependency;
			package = 55072E3C2D3A87B600CB8107 /* XCRemoteSwiftPackageReference "Alamofire" */;
			productName = Alamofire;
		};
		55072E402D3A87CC00CB8107 /* SnapKit */ = {
			isa = XCSwiftPackageProductDependency;
			package = 55072E3F2D3A87CC00CB8107 /* XCRemoteSwiftPackageReference "SnapKit" */;
			productName = SnapKit;
		};
		55072E432D3A87DD00CB8107 /* Kingfisher */ = {
			isa = XCSwiftPackageProductDependency;
			package = 55072E422D3A87DD00CB8107 /* XCRemoteSwiftPackageReference "Kingfisher" */;
			productName = Kingfisher;
		};
/* End XCSwiftPackageProductDependency section */
	};
	rootObject = 55072E092D3A864B00CB8107 /* Project object */;
}
